// !$*UTF8*$!
{
	archiveVersion = 1;
	classes = {
	};
	objectVersion = 56;
	objects = {

/* Begin PBXBuildFile section */
		A309AF6D2B764E9B0032CA04 /* BroadApps_SwiftUIApp.swift in Sources */ = {isa = PBXBuildFile; fileRef = A309AF6C2B764E9B0032CA04 /* BroadApps_SwiftUIApp.swift */; };
		A309AF712B764E9C0032CA04 /* Assets.xcassets in Resources */ = {isa = PBXBuildFile; fileRef = A309AF702B764E9C0032CA04 /* Assets.xcassets */; };
		A309AF742B764E9C0032CA04 /* Preview Assets.xcassets in Resources */ = {isa = PBXBuildFile; fileRef = A309AF732B764E9C0032CA04 /* Preview Assets.xcassets */; };
		A309AF7B2B764F1C0032CA04 /* LoadingScreen.swift in Sources */ = {isa = PBXBuildFile; fileRef = A309AF7A2B764F1C0032CA04 /* LoadingScreen.swift */; };
		A309AF7E2B765CC50032CA04 /* OnboardingView.swift in Sources */ = {isa = PBXBuildFile; fileRef = A309AF7D2B765CC50032CA04 /* OnboardingView.swift */; };
		A309AF872B76A7080032CA04 /* TabView.swift in Sources */ = {isa = PBXBuildFile; fileRef = A309AF862B76A7080032CA04 /* TabView.swift */; };
		A309AF892B76A75E0032CA04 /* ArticlesView.swift in Sources */ = {isa = PBXBuildFile; fileRef = A309AF882B76A75E0032CA04 /* ArticlesView.swift */; };
		A309AF8D2B76A8A20032CA04 /* ArticlesViewModel.swift in Sources */ = {isa = PBXBuildFile; fileRef = A309AF8C2B76A8A20032CA04 /* ArticlesViewModel.swift */; };
		A309AF902B76BF290032CA04 /* NewArticleView.swift in Sources */ = {isa = PBXBuildFile; fileRef = A309AF8F2B76BF290032CA04 /* NewArticleView.swift */; };
		A309AF922B76C4530032CA04 /* TextFieldView.swift in Sources */ = {isa = PBXBuildFile; fileRef = A309AF912B76C4530032CA04 /* TextFieldView.swift */; };
		A309AF942B76C76D0032CA04 /* TagView.swift in Sources */ = {isa = PBXBuildFile; fileRef = A309AF932B76C76D0032CA04 /* TagView.swift */; };
		A309AF982B76C9F60032CA04 /* StatusView.swift in Sources */ = {isa = PBXBuildFile; fileRef = A309AF972B76C9F60032CA04 /* StatusView.swift */; };
		A309AF9B2B7788800032CA04 /* ArticleDetailsView.swift in Sources */ = {isa = PBXBuildFile; fileRef = A309AF9A2B7788800032CA04 /* ArticleDetailsView.swift */; };
		A309AF9E2B778A730032CA04 /* EventsView.swift in Sources */ = {isa = PBXBuildFile; fileRef = A309AF9D2B778A730032CA04 /* EventsView.swift */; };
		A309AFA02B778C420032CA04 /* EventsViewModel.swift in Sources */ = {isa = PBXBuildFile; fileRef = A309AF9F2B778C420032CA04 /* EventsViewModel.swift */; };
		A309AFA32B778D9E0032CA04 /* BudgetView.swift in Sources */ = {isa = PBXBuildFile; fileRef = A309AFA22B778D9E0032CA04 /* BudgetView.swift */; };
		A309AFA62B778DE60032CA04 /* PostsView.swift in Sources */ = {isa = PBXBuildFile; fileRef = A309AFA52B778DE60032CA04 /* PostsView.swift */; };
		A309AFA92B778DF20032CA04 /* SettingsView.swift in Sources */ = {isa = PBXBuildFile; fileRef = A309AFA82B778DF20032CA04 /* SettingsView.swift */; };
		A309AFAD2B77A1730032CA04 /* ArticlesViewCell.swift in Sources */ = {isa = PBXBuildFile; fileRef = A309AFAC2B77A1730032CA04 /* ArticlesViewCell.swift */; };
		A309AFAF2B77B0950032CA04 /* TabBarExtension.swift in Sources */ = {isa = PBXBuildFile; fileRef = A309AFAE2B77B0950032CA04 /* TabBarExtension.swift */; };
		A309AFB12B78CC320032CA04 /* EventsViewCell.swift in Sources */ = {isa = PBXBuildFile; fileRef = A309AFB02B78CC320032CA04 /* EventsViewCell.swift */; };
		A309AFB32B78CDFB0032CA04 /* NewEventView.swift in Sources */ = {isa = PBXBuildFile; fileRef = A309AFB22B78CDFB0032CA04 /* NewEventView.swift */; };
		A309AFB52B7935F80032CA04 /* DatePicker.swift in Sources */ = {isa = PBXBuildFile; fileRef = A309AFB42B7935F80032CA04 /* DatePicker.swift */; };
		A309AFB72B7941B40032CA04 /* EventDetailsView.swift in Sources */ = {isa = PBXBuildFile; fileRef = A309AFB62B7941B40032CA04 /* EventDetailsView.swift */; };
		A364F6162B8388F500725064 /* ShareView.swift in Sources */ = {isa = PBXBuildFile; fileRef = A364F6152B8388F500725064 /* ShareView.swift */; };
		A377DCBB2B7E159100BCEA94 /* EditArticle.swift in Sources */ = {isa = PBXBuildFile; fileRef = A377DCBA2B7E159100BCEA94 /* EditArticle.swift */; };
		A377DCCC2B7E3A1200BCEA94 /* Realm in Frameworks */ = {isa = PBXBuildFile; productRef = A377DCCB2B7E3A1200BCEA94 /* Realm */; };
		A377DCCE2B7E3A1200BCEA94 /* RealmSwift in Frameworks */ = {isa = PBXBuildFile; productRef = A377DCCD2B7E3A1200BCEA94 /* RealmSwift */; };
		A377DCD12B7E3A8100BCEA94 /* ArticleRealm.swift in Sources */ = {isa = PBXBuildFile; fileRef = A377DCD02B7E3A8100BCEA94 /* ArticleRealm.swift */; };
		A377DCD32B7E3C2300BCEA94 /* EventRealm.swift in Sources */ = {isa = PBXBuildFile; fileRef = A377DCD22B7E3C2300BCEA94 /* EventRealm.swift */; };
		A377DCD62B7E3C8700BCEA94 /* Article.swift in Sources */ = {isa = PBXBuildFile; fileRef = A377DCD52B7E3C8700BCEA94 /* Article.swift */; };
		A377DCD82B7E3C9400BCEA94 /* Event.swift in Sources */ = {isa = PBXBuildFile; fileRef = A377DCD72B7E3C9400BCEA94 /* Event.swift */; };
		A377DCDA2B7E401100BCEA94 /* Budget.swift in Sources */ = {isa = PBXBuildFile; fileRef = A377DCD92B7E401100BCEA94 /* Budget.swift */; };
		A377DCDC2B7E407A00BCEA94 /* BudgetRealm.swift in Sources */ = {isa = PBXBuildFile; fileRef = A377DCDB2B7E407A00BCEA94 /* BudgetRealm.swift */; };
		A377DCDE2B7E434500BCEA94 /* Post.swift in Sources */ = {isa = PBXBuildFile; fileRef = A377DCDD2B7E434500BCEA94 /* Post.swift */; };
		A377DCE02B7E436000BCEA94 /* PostRealm.swift in Sources */ = {isa = PBXBuildFile; fileRef = A377DCDF2B7E436000BCEA94 /* PostRealm.swift */; };
		A3A320E12B7A4FBD0072270A /* SettingsCell.swift in Sources */ = {isa = PBXBuildFile; fileRef = A3A320E02B7A4FBD0072270A /* SettingsCell.swift */; };
		A3A320E52B7A86AC0072270A /* ResetView.swift in Sources */ = {isa = PBXBuildFile; fileRef = A3A320E42B7A86AC0072270A /* ResetView.swift */; };
		A3A320E72B7A98930072270A /* PostsViewModel.swift in Sources */ = {isa = PBXBuildFile; fileRef = A3A320E62B7A98930072270A /* PostsViewModel.swift */; };
		A3A320EB2B7B92980072270A /* NewPostView.swift in Sources */ = {isa = PBXBuildFile; fileRef = A3A320EA2B7B92980072270A /* NewPostView.swift */; };
		A3A320ED2B7B9A2F0072270A /* PostsCell.swift in Sources */ = {isa = PBXBuildFile; fileRef = A3A320EC2B7B9A2F0072270A /* PostsCell.swift */; };
		A3A320EF2B7B9CC20072270A /* PostDetailsView.swift in Sources */ = {isa = PBXBuildFile; fileRef = A3A320EE2B7B9CC20072270A /* PostDetailsView.swift */; };
		A3B04A802B79F6870000B8C6 /* BudgetViewModel.swift in Sources */ = {isa = PBXBuildFile; fileRef = A3B04A7F2B79F6870000B8C6 /* BudgetViewModel.swift */; };
		A3B04A822B79F7E50000B8C6 /* GridCell.swift in Sources */ = {isa = PBXBuildFile; fileRef = A3B04A812B79F7E50000B8C6 /* GridCell.swift */; };
		A3B04A842B7A33A20000B8C6 /* NewBudgetView.swift in Sources */ = {isa = PBXBuildFile; fileRef = A3B04A832B7A33A20000B8C6 /* NewBudgetView.swift */; };
/* End PBXBuildFile section */

/* Begin PBXCopyFilesBuildPhase section */
		A3C5361A2B7BCA6500451858 /* Embed Frameworks */ = {
			isa = PBXCopyFilesBuildPhase;
			buildActionMask = 2147483647;
			dstPath = "";
			dstSubfolderSpec = 10;
			files = (
			);
			name = "Embed Frameworks";
			runOnlyForDeploymentPostprocessing = 0;
		};
/* End PBXCopyFilesBuildPhase section */

/* Begin PBXFileReference section */
		A309AF692B764E9B0032CA04 /* BroadApps_SwiftUI.app */ = {isa = PBXFileReference; explicitFileType = wrapper.application; includeInIndex = 0; path = BroadApps_SwiftUI.app; sourceTree = BUILT_PRODUCTS_DIR; };
		A309AF6C2B764E9B0032CA04 /* BroadApps_SwiftUIApp.swift */ = {isa = PBXFileReference; lastKnownFileType = sourcecode.swift; path = BroadApps_SwiftUIApp.swift; sourceTree = "<group>"; };
		A309AF702B764E9C0032CA04 /* Assets.xcassets */ = {isa = PBXFileReference; lastKnownFileType = folder.assetcatalog; path = Assets.xcassets; sourceTree = "<group>"; };
		A309AF732B764E9C0032CA04 /* Preview Assets.xcassets */ = {isa = PBXFileReference; lastKnownFileType = folder.assetcatalog; path = "Preview Assets.xcassets"; sourceTree = "<group>"; };
		A309AF7A2B764F1C0032CA04 /* LoadingScreen.swift */ = {isa = PBXFileReference; lastKnownFileType = sourcecode.swift; path = LoadingScreen.swift; sourceTree = "<group>"; };
		A309AF7D2B765CC50032CA04 /* OnboardingView.swift */ = {isa = PBXFileReference; lastKnownFileType = sourcecode.swift; path = OnboardingView.swift; sourceTree = "<group>"; };
		A309AF862B76A7080032CA04 /* TabView.swift */ = {isa = PBXFileReference; lastKnownFileType = sourcecode.swift; path = TabView.swift; sourceTree = "<group>"; };
		A309AF882B76A75E0032CA04 /* ArticlesView.swift */ = {isa = PBXFileReference; lastKnownFileType = sourcecode.swift; path = ArticlesView.swift; sourceTree = "<group>"; };
		A309AF8C2B76A8A20032CA04 /* ArticlesViewModel.swift */ = {isa = PBXFileReference; lastKnownFileType = sourcecode.swift; path = ArticlesViewModel.swift; sourceTree = "<group>"; };
		A309AF8F2B76BF290032CA04 /* NewArticleView.swift */ = {isa = PBXFileReference; lastKnownFileType = sourcecode.swift; path = NewArticleView.swift; sourceTree = "<group>"; };
		A309AF912B76C4530032CA04 /* TextFieldView.swift */ = {isa = PBXFileReference; lastKnownFileType = sourcecode.swift; path = TextFieldView.swift; sourceTree = "<group>"; };
		A309AF932B76C76D0032CA04 /* TagView.swift */ = {isa = PBXFileReference; lastKnownFileType = sourcecode.swift; path = TagView.swift; sourceTree = "<group>"; };
		A309AF972B76C9F60032CA04 /* StatusView.swift */ = {isa = PBXFileReference; lastKnownFileType = sourcecode.swift; path = StatusView.swift; sourceTree = "<group>"; };
		A309AF9A2B7788800032CA04 /* ArticleDetailsView.swift */ = {isa = PBXFileReference; lastKnownFileType = sourcecode.swift; path = ArticleDetailsView.swift; sourceTree = "<group>"; };
		A309AF9D2B778A730032CA04 /* EventsView.swift */ = {isa = PBXFileReference; lastKnownFileType = sourcecode.swift; path = EventsView.swift; sourceTree = "<group>"; };
		A309AF9F2B778C420032CA04 /* EventsViewModel.swift */ = {isa = PBXFileReference; lastKnownFileType = sourcecode.swift; path = EventsViewModel.swift; sourceTree = "<group>"; };
		A309AFA22B778D9E0032CA04 /* BudgetView.swift */ = {isa = PBXFileReference; lastKnownFileType = sourcecode.swift; path = BudgetView.swift; sourceTree = "<group>"; };
		A309AFA52B778DE60032CA04 /* PostsView.swift */ = {isa = PBXFileReference; lastKnownFileType = sourcecode.swift; path = PostsView.swift; sourceTree = "<group>"; };
		A309AFA82B778DF20032CA04 /* SettingsView.swift */ = {isa = PBXFileReference; lastKnownFileType = sourcecode.swift; path = SettingsView.swift; sourceTree = "<group>"; };
		A309AFAC2B77A1730032CA04 /* ArticlesViewCell.swift */ = {isa = PBXFileReference; lastKnownFileType = sourcecode.swift; path = ArticlesViewCell.swift; sourceTree = "<group>"; };
		A309AFAE2B77B0950032CA04 /* TabBarExtension.swift */ = {isa = PBXFileReference; lastKnownFileType = sourcecode.swift; path = TabBarExtension.swift; sourceTree = "<group>"; };
		A309AFB02B78CC320032CA04 /* EventsViewCell.swift */ = {isa = PBXFileReference; lastKnownFileType = sourcecode.swift; path = EventsViewCell.swift; sourceTree = "<group>"; };
		A309AFB22B78CDFB0032CA04 /* NewEventView.swift */ = {isa = PBXFileReference; lastKnownFileType = sourcecode.swift; path = NewEventView.swift; sourceTree = "<group>"; };
		A309AFB42B7935F80032CA04 /* DatePicker.swift */ = {isa = PBXFileReference; lastKnownFileType = sourcecode.swift; path = DatePicker.swift; sourceTree = "<group>"; };
		A309AFB62B7941B40032CA04 /* EventDetailsView.swift */ = {isa = PBXFileReference; lastKnownFileType = sourcecode.swift; path = EventDetailsView.swift; sourceTree = "<group>"; };
		A364F6152B8388F500725064 /* ShareView.swift */ = {isa = PBXFileReference; lastKnownFileType = sourcecode.swift; path = ShareView.swift; sourceTree = "<group>"; };
		A377DCBA2B7E159100BCEA94 /* EditArticle.swift */ = {isa = PBXFileReference; lastKnownFileType = sourcecode.swift; path = EditArticle.swift; sourceTree = "<group>"; };
		A377DCD02B7E3A8100BCEA94 /* ArticleRealm.swift */ = {isa = PBXFileReference; lastKnownFileType = sourcecode.swift; path = ArticleRealm.swift; sourceTree = "<group>"; };
		A377DCD22B7E3C2300BCEA94 /* EventRealm.swift */ = {isa = PBXFileReference; lastKnownFileType = sourcecode.swift; path = EventRealm.swift; sourceTree = "<group>"; };
		A377DCD52B7E3C8700BCEA94 /* Article.swift */ = {isa = PBXFileReference; lastKnownFileType = sourcecode.swift; path = Article.swift; sourceTree = "<group>"; };
		A377DCD72B7E3C9400BCEA94 /* Event.swift */ = {isa = PBXFileReference; lastKnownFileType = sourcecode.swift; path = Event.swift; sourceTree = "<group>"; };
		A377DCD92B7E401100BCEA94 /* Budget.swift */ = {isa = PBXFileReference; lastKnownFileType = sourcecode.swift; path = Budget.swift; sourceTree = "<group>"; };
		A377DCDB2B7E407A00BCEA94 /* BudgetRealm.swift */ = {isa = PBXFileReference; lastKnownFileType = sourcecode.swift; path = BudgetRealm.swift; sourceTree = "<group>"; };
		A377DCDD2B7E434500BCEA94 /* Post.swift */ = {isa = PBXFileReference; lastKnownFileType = sourcecode.swift; path = Post.swift; sourceTree = "<group>"; };
		A377DCDF2B7E436000BCEA94 /* PostRealm.swift */ = {isa = PBXFileReference; lastKnownFileType = sourcecode.swift; path = PostRealm.swift; sourceTree = "<group>"; };
		A3A320E02B7A4FBD0072270A /* SettingsCell.swift */ = {isa = PBXFileReference; lastKnownFileType = sourcecode.swift; path = SettingsCell.swift; sourceTree = "<group>"; };
		A3A320E42B7A86AC0072270A /* ResetView.swift */ = {isa = PBXFileReference; lastKnownFileType = sourcecode.swift; path = ResetView.swift; sourceTree = "<group>"; };
		A3A320E62B7A98930072270A /* PostsViewModel.swift */ = {isa = PBXFileReference; lastKnownFileType = sourcecode.swift; path = PostsViewModel.swift; sourceTree = "<group>"; };
		A3A320EA2B7B92980072270A /* NewPostView.swift */ = {isa = PBXFileReference; lastKnownFileType = sourcecode.swift; path = NewPostView.swift; sourceTree = "<group>"; };
		A3A320EC2B7B9A2F0072270A /* PostsCell.swift */ = {isa = PBXFileReference; lastKnownFileType = sourcecode.swift; path = PostsCell.swift; sourceTree = "<group>"; };
		A3A320EE2B7B9CC20072270A /* PostDetailsView.swift */ = {isa = PBXFileReference; lastKnownFileType = sourcecode.swift; path = PostDetailsView.swift; sourceTree = "<group>"; };
		A3B04A7F2B79F6870000B8C6 /* BudgetViewModel.swift */ = {isa = PBXFileReference; lastKnownFileType = sourcecode.swift; path = BudgetViewModel.swift; sourceTree = "<group>"; };
		A3B04A812B79F7E50000B8C6 /* GridCell.swift */ = {isa = PBXFileReference; lastKnownFileType = sourcecode.swift; path = GridCell.swift; sourceTree = "<group>"; };
		A3B04A832B7A33A20000B8C6 /* NewBudgetView.swift */ = {isa = PBXFileReference; lastKnownFileType = sourcecode.swift; path = NewBudgetView.swift; sourceTree = "<group>"; };
/* End PBXFileReference section */

/* Begin PBXFrameworksBuildPhase section */
		A309AF662B764E9B0032CA04 /* Frameworks */ = {
			isa = PBXFrameworksBuildPhase;
			buildActionMask = 2147483647;
			files = (
				A377DCCC2B7E3A1200BCEA94 /* Realm in Frameworks */,
				A377DCCE2B7E3A1200BCEA94 /* RealmSwift in Frameworks */,
			);
			runOnlyForDeploymentPostprocessing = 0;
		};
/* End PBXFrameworksBuildPhase section */

/* Begin PBXGroup section */
		A309AF602B764E9B0032CA04 = {
			isa = PBXGroup;
			children = (
				A309AF6B2B764E9B0032CA04 /* BroadApps_SwiftUI */,
				A309AF6A2B764E9B0032CA04 /* Products */,
			);
			sourceTree = "<group>";
		};
		A309AF6A2B764E9B0032CA04 /* Products */ = {
			isa = PBXGroup;
			children = (
				A309AF692B764E9B0032CA04 /* BroadApps_SwiftUI.app */,
			);
			name = Products;
			sourceTree = "<group>";
		};
		A309AF6B2B764E9B0032CA04 /* BroadApps_SwiftUI */ = {
			isa = PBXGroup;
			children = (
				A309AF962B76C9980032CA04 /* App */,
				A377DCD42B7E3C6E00BCEA94 /* Model */,
				A309AF952B76C9850032CA04 /* Components */,
				A309AF8A2B76A8880032CA04 /* Modules */,
				A377DCCF2B7E3A7500BCEA94 /* Realm */,
				A309AF722B764E9C0032CA04 /* Preview Content */,
				A309AF702B764E9C0032CA04 /* Assets.xcassets */,
			);
			path = BroadApps_SwiftUI;
			sourceTree = "<group>";
		};
		A309AF722B764E9C0032CA04 /* Preview Content */ = {
			isa = PBXGroup;
			children = (
				A309AF732B764E9C0032CA04 /* Preview Assets.xcassets */,
			);
			path = "Preview Content";
			sourceTree = "<group>";
		};
		A309AF7C2B765CA40032CA04 /* Onboarding */ = {
			isa = PBXGroup;
			children = (
				A309AF7D2B765CC50032CA04 /* OnboardingView.swift */,
			);
			path = Onboarding;
			sourceTree = "<group>";
		};
		A309AF8A2B76A8880032CA04 /* Modules */ = {
			isa = PBXGroup;
			children = (
				A309AF7A2B764F1C0032CA04 /* LoadingScreen.swift */,
				A309AFA72B778DEB0032CA04 /* Settings */,
				A309AFA42B778DDD0032CA04 /* Posts */,
				A309AFA12B778D920032CA04 /* Budget */,
				A309AF9C2B778A5C0032CA04 /* Events */,
				A309AF7C2B765CA40032CA04 /* Onboarding */,
				A309AF8B2B76A88E0032CA04 /* Articles */,
			);
			path = Modules;
			sourceTree = "<group>";
		};
		A309AF8B2B76A88E0032CA04 /* Articles */ = {
			isa = PBXGroup;
			children = (
				A309AF9A2B7788800032CA04 /* ArticleDetailsView.swift */,
				A309AF8F2B76BF290032CA04 /* NewArticleView.swift */,
				A309AF882B76A75E0032CA04 /* ArticlesView.swift */,
				A309AF8C2B76A8A20032CA04 /* ArticlesViewModel.swift */,
				A309AFAC2B77A1730032CA04 /* ArticlesViewCell.swift */,
				A377DCBA2B7E159100BCEA94 /* EditArticle.swift */,
			);
			path = Articles;
			sourceTree = "<group>";
		};
		A309AF952B76C9850032CA04 /* Components */ = {
			isa = PBXGroup;
			children = (
				A309AFAE2B77B0950032CA04 /* TabBarExtension.swift */,
				A309AF912B76C4530032CA04 /* TextFieldView.swift */,
				A309AF932B76C76D0032CA04 /* TagView.swift */,
				A309AF972B76C9F60032CA04 /* StatusView.swift */,
				A309AFB42B7935F80032CA04 /* DatePicker.swift */,
			);
			path = Components;
			sourceTree = "<group>";
		};
		A309AF962B76C9980032CA04 /* App */ = {
			isa = PBXGroup;
			children = (
				A309AF6C2B764E9B0032CA04 /* BroadApps_SwiftUIApp.swift */,
				A309AF862B76A7080032CA04 /* TabView.swift */,
			);
			path = App;
			sourceTree = "<group>";
		};
		A309AF9C2B778A5C0032CA04 /* Events */ = {
			isa = PBXGroup;
			children = (
				A309AF9D2B778A730032CA04 /* EventsView.swift */,
				A309AF9F2B778C420032CA04 /* EventsViewModel.swift */,
				A309AFB02B78CC320032CA04 /* EventsViewCell.swift */,
				A309AFB22B78CDFB0032CA04 /* NewEventView.swift */,
				A309AFB62B7941B40032CA04 /* EventDetailsView.swift */,
			);
			path = Events;
			sourceTree = "<group>";
		};
		A309AFA12B778D920032CA04 /* Budget */ = {
			isa = PBXGroup;
			children = (
				A309AFA22B778D9E0032CA04 /* BudgetView.swift */,
				A3B04A7F2B79F6870000B8C6 /* BudgetViewModel.swift */,
				A3B04A812B79F7E50000B8C6 /* GridCell.swift */,
				A3B04A832B7A33A20000B8C6 /* NewBudgetView.swift */,
			);
			path = Budget;
			sourceTree = "<group>";
		};
		A309AFA42B778DDD0032CA04 /* Posts */ = {
			isa = PBXGroup;
			children = (
				A309AFA52B778DE60032CA04 /* PostsView.swift */,
				A3A320E62B7A98930072270A /* PostsViewModel.swift */,
				A3A320EA2B7B92980072270A /* NewPostView.swift */,
				A3A320EC2B7B9A2F0072270A /* PostsCell.swift */,
				A3A320EE2B7B9CC20072270A /* PostDetailsView.swift */,
			);
			path = Posts;
			sourceTree = "<group>";
		};
		A309AFA72B778DEB0032CA04 /* Settings */ = {
			isa = PBXGroup;
			children = (
				A364F6142B8388EA00725064 /* Share */,
				A309AFA82B778DF20032CA04 /* SettingsView.swift */,
				A3A320E02B7A4FBD0072270A /* SettingsCell.swift */,
				A3A320E42B7A86AC0072270A /* ResetView.swift */,
			);
			path = Settings;
			sourceTree = "<group>";
		};
		A364F6142B8388EA00725064 /* Share */ = {
			isa = PBXGroup;
			children = (
				A364F6152B8388F500725064 /* ShareView.swift */,
			);
			path = Share;
			sourceTree = "<group>";
		};
		A377DCCF2B7E3A7500BCEA94 /* Realm */ = {
			isa = PBXGroup;
			children = (
				A377DCD02B7E3A8100BCEA94 /* ArticleRealm.swift */,
				A377DCD22B7E3C2300BCEA94 /* EventRealm.swift */,
				A377DCDB2B7E407A00BCEA94 /* BudgetRealm.swift */,
				A377DCDF2B7E436000BCEA94 /* PostRealm.swift */,
			);
			path = Realm;
			sourceTree = "<group>";
		};
		A377DCD42B7E3C6E00BCEA94 /* Model */ = {
			isa = PBXGroup;
			children = (
				A377DCD52B7E3C8700BCEA94 /* Article.swift */,
				A377DCD72B7E3C9400BCEA94 /* Event.swift */,
				A377DCD92B7E401100BCEA94 /* Budget.swift */,
				A377DCDD2B7E434500BCEA94 /* Post.swift */,
			);
			path = Model;
			sourceTree = "<group>";
		};
/* End PBXGroup section */

/* Begin PBXNativeTarget section */
		A309AF682B764E9B0032CA04 /* BroadApps_SwiftUI */ = {
			isa = PBXNativeTarget;
			buildConfigurationList = A309AF772B764E9C0032CA04 /* Build configuration list for PBXNativeTarget "BroadApps_SwiftUI" */;
			buildPhases = (
				A309AF652B764E9B0032CA04 /* Sources */,
				A309AF662B764E9B0032CA04 /* Frameworks */,
				A309AF672B764E9B0032CA04 /* Resources */,
				A3C5361A2B7BCA6500451858 /* Embed Frameworks */,
			);
			buildRules = (
			);
			dependencies = (
			);
			name = BroadApps_SwiftUI;
			packageProductDependencies = (
				A377DCCB2B7E3A1200BCEA94 /* Realm */,
				A377DCCD2B7E3A1200BCEA94 /* RealmSwift */,
			);
			productName = BroadApps_SwiftUI;
			productReference = A309AF692B764E9B0032CA04 /* BroadApps_SwiftUI.app */;
			productType = "com.apple.product-type.application";
		};
/* End PBXNativeTarget section */

/* Begin PBXProject section */
		A309AF612B764E9B0032CA04 /* Project object */ = {
			isa = PBXProject;
			attributes = {
				BuildIndependentTargetsInParallel = 1;
				LastSwiftUpdateCheck = 1520;
				LastUpgradeCheck = 1520;
				TargetAttributes = {
					A309AF682B764E9B0032CA04 = {
						CreatedOnToolsVersion = 15.2;
					};
				};
			};
			buildConfigurationList = A309AF642B764E9B0032CA04 /* Build configuration list for PBXProject "BroadApps_SwiftUI" */;
			compatibilityVersion = "Xcode 14.0";
			developmentRegion = en;
			hasScannedForEncodings = 0;
			knownRegions = (
				en,
				Base,
			);
			mainGroup = A309AF602B764E9B0032CA04;
			packageReferences = (
				A377DCCA2B7E3A1200BCEA94 /* XCRemoteSwiftPackageReference "realm-swift" */,
			);
			productRefGroup = A309AF6A2B764E9B0032CA04 /* Products */;
			projectDirPath = "";
			projectRoot = "";
			targets = (
				A309AF682B764E9B0032CA04 /* BroadApps_SwiftUI */,
			);
		};
/* End PBXProject section */

/* Begin PBXResourcesBuildPhase section */
		A309AF672B764E9B0032CA04 /* Resources */ = {
			isa = PBXResourcesBuildPhase;
			buildActionMask = 2147483647;
			files = (
				A309AF742B764E9C0032CA04 /* Preview Assets.xcassets in Resources */,
				A309AF712B764E9C0032CA04 /* Assets.xcassets in Resources */,
			);
			runOnlyForDeploymentPostprocessing = 0;
		};
/* End PBXResourcesBuildPhase section */

/* Begin PBXSourcesBuildPhase section */
		A309AF652B764E9B0032CA04 /* Sources */ = {
			isa = PBXSourcesBuildPhase;
			buildActionMask = 2147483647;
			files = (
				A3A320ED2B7B9A2F0072270A /* PostsCell.swift in Sources */,
				A309AF902B76BF290032CA04 /* NewArticleView.swift in Sources */,
				A309AFA02B778C420032CA04 /* EventsViewModel.swift in Sources */,
				A309AFB12B78CC320032CA04 /* EventsViewCell.swift in Sources */,
				A309AF942B76C76D0032CA04 /* TagView.swift in Sources */,
				A3A320E12B7A4FBD0072270A /* SettingsCell.swift in Sources */,
				A377DCBB2B7E159100BCEA94 /* EditArticle.swift in Sources */,
				A309AF872B76A7080032CA04 /* TabView.swift in Sources */,
				A309AF7E2B765CC50032CA04 /* OnboardingView.swift in Sources */,
				A364F6162B8388F500725064 /* ShareView.swift in Sources */,
				A309AF982B76C9F60032CA04 /* StatusView.swift in Sources */,
				A309AFAD2B77A1730032CA04 /* ArticlesViewCell.swift in Sources */,
				A377DCD12B7E3A8100BCEA94 /* ArticleRealm.swift in Sources */,
				A3A320EB2B7B92980072270A /* NewPostView.swift in Sources */,
				A3B04A842B7A33A20000B8C6 /* NewBudgetView.swift in Sources */,
				A377DCD62B7E3C8700BCEA94 /* Article.swift in Sources */,
				A309AFB52B7935F80032CA04 /* DatePicker.swift in Sources */,
				A309AF892B76A75E0032CA04 /* ArticlesView.swift in Sources */,
				A309AF6D2B764E9B0032CA04 /* BroadApps_SwiftUIApp.swift in Sources */,
				A309AFA62B778DE60032CA04 /* PostsView.swift in Sources */,
				A377DCD32B7E3C2300BCEA94 /* EventRealm.swift in Sources */,
				A309AFA92B778DF20032CA04 /* SettingsView.swift in Sources */,
				A309AFB32B78CDFB0032CA04 /* NewEventView.swift in Sources */,
				A309AF7B2B764F1C0032CA04 /* LoadingScreen.swift in Sources */,
				A309AF8D2B76A8A20032CA04 /* ArticlesViewModel.swift in Sources */,
				A309AF9B2B7788800032CA04 /* ArticleDetailsView.swift in Sources */,
				A309AFA32B778D9E0032CA04 /* BudgetView.swift in Sources */,
				A3A320E52B7A86AC0072270A /* ResetView.swift in Sources */,
				A3A320EF2B7B9CC20072270A /* PostDetailsView.swift in Sources */,
				A377DCDC2B7E407A00BCEA94 /* BudgetRealm.swift in Sources */,
				A377DCD82B7E3C9400BCEA94 /* Event.swift in Sources */,
				A377DCDE2B7E434500BCEA94 /* Post.swift in Sources */,
				A309AFAF2B77B0950032CA04 /* TabBarExtension.swift in Sources */,
				A309AF922B76C4530032CA04 /* TextFieldView.swift in Sources */,
				A377DCE02B7E436000BCEA94 /* PostRealm.swift in Sources */,
				A3A320E72B7A98930072270A /* PostsViewModel.swift in Sources */,
				A3B04A802B79F6870000B8C6 /* BudgetViewModel.swift in Sources */,
				A309AFB72B7941B40032CA04 /* EventDetailsView.swift in Sources */,
				A309AF9E2B778A730032CA04 /* EventsView.swift in Sources */,
				A377DCDA2B7E401100BCEA94 /* Budget.swift in Sources */,
				A3B04A822B79F7E50000B8C6 /* GridCell.swift in Sources */,
			);
			runOnlyForDeploymentPostprocessing = 0;
		};
/* End PBXSourcesBuildPhase section */

/* Begin XCBuildConfiguration section */
		A309AF752B764E9C0032CA04 /* Debug */ = {
			isa = XCBuildConfiguration;
			buildSettings = {
				ALWAYS_SEARCH_USER_PATHS = NO;
				ASSETCATALOG_COMPILER_GENERATE_SWIFT_ASSET_SYMBOL_EXTENSIONS = YES;
				CLANG_ANALYZER_NONNULL = YES;
				CLANG_ANALYZER_NUMBER_OBJECT_CONVERSION = YES_AGGRESSIVE;
				CLANG_CXX_LANGUAGE_STANDARD = "gnu++20";
				CLANG_ENABLE_MODULES = YES;
				CLANG_ENABLE_OBJC_ARC = YES;
				CLANG_ENABLE_OBJC_WEAK = YES;
				CLANG_WARN_BLOCK_CAPTURE_AUTORELEASING = YES;
				CLANG_WARN_BOOL_CONVERSION = YES;
				CLANG_WARN_COMMA = YES;
				CLANG_WARN_CONSTANT_CONVERSION = YES;
				CLANG_WARN_DEPRECATED_OBJC_IMPLEMENTATIONS = YES;
				CLANG_WARN_DIRECT_OBJC_ISA_USAGE = YES_ERROR;
				CLANG_WARN_DOCUMENTATION_COMMENTS = YES;
				CLANG_WARN_EMPTY_BODY = YES;
				CLANG_WARN_ENUM_CONVERSION = YES;
				CLANG_WARN_INFINITE_RECURSION = YES;
				CLANG_WARN_INT_CONVERSION = YES;
				CLANG_WARN_NON_LITERAL_NULL_CONVERSION = YES;
				CLANG_WARN_OBJC_IMPLICIT_RETAIN_SELF = YES;
				CLANG_WARN_OBJC_LITERAL_CONVERSION = YES;
				CLANG_WARN_OBJC_ROOT_CLASS = YES_ERROR;
				CLANG_WARN_QUOTED_INCLUDE_IN_FRAMEWORK_HEADER = YES;
				CLANG_WARN_RANGE_LOOP_ANALYSIS = YES;
				CLANG_WARN_STRICT_PROTOTYPES = YES;
				CLANG_WARN_SUSPICIOUS_MOVE = YES;
				CLANG_WARN_UNGUARDED_AVAILABILITY = YES_AGGRESSIVE;
				CLANG_WARN_UNREACHABLE_CODE = YES;
				CLANG_WARN__DUPLICATE_METHOD_MATCH = YES;
				COPY_PHASE_STRIP = NO;
				DEBUG_INFORMATION_FORMAT = dwarf;
				ENABLE_STRICT_OBJC_MSGSEND = YES;
				ENABLE_TESTABILITY = YES;
				ENABLE_USER_SCRIPT_SANDBOXING = YES;
				GCC_C_LANGUAGE_STANDARD = gnu17;
				GCC_DYNAMIC_NO_PIC = NO;
				GCC_NO_COMMON_BLOCKS = YES;
				GCC_OPTIMIZATION_LEVEL = 0;
				GCC_PREPROCESSOR_DEFINITIONS = (
					"DEBUG=1",
					"$(inherited)",
				);
				GCC_WARN_64_TO_32_BIT_CONVERSION = YES;
				GCC_WARN_ABOUT_RETURN_TYPE = YES_ERROR;
				GCC_WARN_UNDECLARED_SELECTOR = YES;
				GCC_WARN_UNINITIALIZED_AUTOS = YES_AGGRESSIVE;
				GCC_WARN_UNUSED_FUNCTION = YES;
				GCC_WARN_UNUSED_VARIABLE = YES;
				IPHONEOS_DEPLOYMENT_TARGET = 17.2;
				LOCALIZATION_PREFERS_STRING_CATALOGS = YES;
				MTL_ENABLE_DEBUG_INFO = INCLUDE_SOURCE;
				MTL_FAST_MATH = YES;
				ONLY_ACTIVE_ARCH = YES;
				SDKROOT = iphoneos;
				SWIFT_ACTIVE_COMPILATION_CONDITIONS = "DEBUG $(inherited)";
				SWIFT_OPTIMIZATION_LEVEL = "-Onone";
			};
			name = Debug;
		};
		A309AF762B764E9C0032CA04 /* Release */ = {
			isa = XCBuildConfiguration;
			buildSettings = {
				ALWAYS_SEARCH_USER_PATHS = NO;
				ASSETCATALOG_COMPILER_GENERATE_SWIFT_ASSET_SYMBOL_EXTENSIONS = YES;
				CLANG_ANALYZER_NONNULL = YES;
				CLANG_ANALYZER_NUMBER_OBJECT_CONVERSION = YES_AGGRESSIVE;
				CLANG_CXX_LANGUAGE_STANDARD = "gnu++20";
				CLANG_ENABLE_MODULES = YES;
				CLANG_ENABLE_OBJC_ARC = YES;
				CLANG_ENABLE_OBJC_WEAK = YES;
				CLANG_WARN_BLOCK_CAPTURE_AUTORELEASING = YES;
				CLANG_WARN_BOOL_CONVERSION = YES;
				CLANG_WARN_COMMA = YES;
				CLANG_WARN_CONSTANT_CONVERSION = YES;
				CLANG_WARN_DEPRECATED_OBJC_IMPLEMENTATIONS = YES;
				CLANG_WARN_DIRECT_OBJC_ISA_USAGE = YES_ERROR;
				CLANG_WARN_DOCUMENTATION_COMMENTS = YES;
				CLANG_WARN_EMPTY_BODY = YES;
				CLANG_WARN_ENUM_CONVERSION = YES;
				CLANG_WARN_INFINITE_RECURSION = YES;
				CLANG_WARN_INT_CONVERSION = YES;
				CLANG_WARN_NON_LITERAL_NULL_CONVERSION = YES;
				CLANG_WARN_OBJC_IMPLICIT_RETAIN_SELF = YES;
				CLANG_WARN_OBJC_LITERAL_CONVERSION = YES;
				CLANG_WARN_OBJC_ROOT_CLASS = YES_ERROR;
				CLANG_WARN_QUOTED_INCLUDE_IN_FRAMEWORK_HEADER = YES;
				CLANG_WARN_RANGE_LOOP_ANALYSIS = YES;
				CLANG_WARN_STRICT_PROTOTYPES = YES;
				CLANG_WARN_SUSPICIOUS_MOVE = YES;
				CLANG_WARN_UNGUARDED_AVAILABILITY = YES_AGGRESSIVE;
				CLANG_WARN_UNREACHABLE_CODE = YES;
				CLANG_WARN__DUPLICATE_METHOD_MATCH = YES;
				COPY_PHASE_STRIP = NO;
				DEBUG_INFORMATION_FORMAT = "dwarf-with-dsym";
				ENABLE_NS_ASSERTIONS = NO;
				ENABLE_STRICT_OBJC_MSGSEND = YES;
				ENABLE_USER_SCRIPT_SANDBOXING = YES;
				GCC_C_LANGUAGE_STANDARD = gnu17;
				GCC_NO_COMMON_BLOCKS = YES;
				GCC_WARN_64_TO_32_BIT_CONVERSION = YES;
				GCC_WARN_ABOUT_RETURN_TYPE = YES_ERROR;
				GCC_WARN_UNDECLARED_SELECTOR = YES;
				GCC_WARN_UNINITIALIZED_AUTOS = YES_AGGRESSIVE;
				GCC_WARN_UNUSED_FUNCTION = YES;
				GCC_WARN_UNUSED_VARIABLE = YES;
				IPHONEOS_DEPLOYMENT_TARGET = 17.2;
				LOCALIZATION_PREFERS_STRING_CATALOGS = YES;
				MTL_ENABLE_DEBUG_INFO = NO;
				MTL_FAST_MATH = YES;
				SDKROOT = iphoneos;
				SWIFT_COMPILATION_MODE = wholemodule;
				VALIDATE_PRODUCT = YES;
			};
			name = Release;
		};
		A309AF782B764E9C0032CA04 /* Debug */ = {
			isa = XCBuildConfiguration;
			buildSettings = {
				ASSETCATALOG_COMPILER_APPICON_NAME = AppIcon;
				ASSETCATALOG_COMPILER_GLOBAL_ACCENT_COLOR_NAME = AccentColor;
				CODE_SIGN_STYLE = Automatic;
				CURRENT_PROJECT_VERSION = 3;
				DEVELOPMENT_ASSET_PATHS = "\"BroadApps_SwiftUI/Preview Content\"";
				DEVELOPMENT_TEAM = UN5MX5RT64;
				ENABLE_PREVIEWS = YES;
				GENERATE_INFOPLIST_FILE = YES;
				INFOPLIST_KEY_CFBundleDisplayName = "Your sports notes";
				INFOPLIST_KEY_LSApplicationCategoryType = "public.app-category.sports";
				INFOPLIST_KEY_UIApplicationSceneManifest_Generation = YES;
				INFOPLIST_KEY_UIApplicationSupportsIndirectInputEvents = YES;
				INFOPLIST_KEY_UILaunchScreen_Generation = YES;
				INFOPLIST_KEY_UIStatusBarStyle = UIStatusBarStyleDarkContent;
				INFOPLIST_KEY_UISupportedInterfaceOrientations = UIInterfaceOrientationPortrait;
				IPHONEOS_DEPLOYMENT_TARGET = 14.0;
				LD_RUNPATH_SEARCH_PATHS = (
					"$(inherited)",
					"@executable_path/Frameworks",
				);
				MARKETING_VERSION = 1.0;
				PRODUCT_BUNDLE_IDENTIFIER = "Evgenii.Mikhailov.BroadApps-SwiftUI";
				PRODUCT_NAME = "$(TARGET_NAME)";
				SUPPORTED_PLATFORMS = "iphoneos iphonesimulator";
				SUPPORTS_MACCATALYST = NO;
				SUPPORTS_MAC_DESIGNED_FOR_IPHONE_IPAD = NO;
				SUPPORTS_XR_DESIGNED_FOR_IPHONE_IPAD = NO;
				SWIFT_EMIT_LOC_STRINGS = YES;
				SWIFT_VERSION = 5.0;
				TARGETED_DEVICE_FAMILY = 1;
			};
			name = Debug;
		};
		A309AF792B764E9C0032CA04 /* Release */ = {
			isa = XCBuildConfiguration;
			buildSettings = {
				ASSETCATALOG_COMPILER_APPICON_NAME = AppIcon;
				ASSETCATALOG_COMPILER_GLOBAL_ACCENT_COLOR_NAME = AccentColor;
				CODE_SIGN_STYLE = Automatic;
				CURRENT_PROJECT_VERSION = 3;
				DEVELOPMENT_ASSET_PATHS = "\"BroadApps_SwiftUI/Preview Content\"";
				DEVELOPMENT_TEAM = UN5MX5RT64;
				ENABLE_PREVIEWS = YES;
				GENERATE_INFOPLIST_FILE = YES;
				INFOPLIST_KEY_CFBundleDisplayName = "Your sports notes";
				INFOPLIST_KEY_LSApplicationCategoryType = "public.app-category.sports";
				INFOPLIST_KEY_UIApplicationSceneManifest_Generation = YES;
				INFOPLIST_KEY_UIApplicationSupportsIndirectInputEvents = YES;
				INFOPLIST_KEY_UILaunchScreen_Generation = YES;
				INFOPLIST_KEY_UIStatusBarStyle = UIStatusBarStyleDarkContent;
				INFOPLIST_KEY_UISupportedInterfaceOrientations = UIInterfaceOrientationPortrait;
				IPHONEOS_DEPLOYMENT_TARGET = 14.0;
				LD_RUNPATH_SEARCH_PATHS = (
					"$(inherited)",
					"@executable_path/Frameworks",
				);
				MARKETING_VERSION = 1.0;
				PRODUCT_BUNDLE_IDENTIFIER = "Evgenii.Mikhailov.BroadApps-SwiftUI";
				PRODUCT_NAME = "$(TARGET_NAME)";
				SUPPORTED_PLATFORMS = "iphoneos iphonesimulator";
				SUPPORTS_MACCATALYST = NO;
				SUPPORTS_MAC_DESIGNED_FOR_IPHONE_IPAD = NO;
				SUPPORTS_XR_DESIGNED_FOR_IPHONE_IPAD = NO;
				SWIFT_EMIT_LOC_STRINGS = YES;
				SWIFT_VERSION = 5.0;
				TARGETED_DEVICE_FAMILY = 1;
			};
			name = Release;
		};
/* End XCBuildConfiguration section */

/* Begin XCConfigurationList section */
		A309AF642B764E9B0032CA04 /* Build configuration list for PBXProject "BroadApps_SwiftUI" */ = {
			isa = XCConfigurationList;
			buildConfigurations = (
				A309AF752B764E9C0032CA04 /* Debug */,
				A309AF762B764E9C0032CA04 /* Release */,
			);
			defaultConfigurationIsVisible = 0;
			defaultConfigurationName = Release;
		};
		A309AF772B764E9C0032CA04 /* Build configuration list for PBXNativeTarget "BroadApps_SwiftUI" */ = {
			isa = XCConfigurationList;
			buildConfigurations = (
				A309AF782B764E9C0032CA04 /* Debug */,
				A309AF792B764E9C0032CA04 /* Release */,
			);
			defaultConfigurationIsVisible = 0;
			defaultConfigurationName = Release;
		};
/* End XCConfigurationList section */

/* Begin XCRemoteSwiftPackageReference section */
		A377DCCA2B7E3A1200BCEA94 /* XCRemoteSwiftPackageReference "realm-swift" */ = {
			isa = XCRemoteSwiftPackageReference;
			repositoryURL = "https://github.com/realm/realm-swift.git";
			requirement = {
				branch = master;
				kind = branch;
			};
		};
/* End XCRemoteSwiftPackageReference section */

/* Begin XCSwiftPackageProductDependency section */
		A377DCCB2B7E3A1200BCEA94 /* Realm */ = {
			isa = XCSwiftPackageProductDependency;
			package = A377DCCA2B7E3A1200BCEA94 /* XCRemoteSwiftPackageReference "realm-swift" */;
			productName = Realm;
		};
		A377DCCD2B7E3A1200BCEA94 /* RealmSwift */ = {
			isa = XCSwiftPackageProductDependency;
			package = A377DCCA2B7E3A1200BCEA94 /* XCRemoteSwiftPackageReference "realm-swift" */;
			productName = RealmSwift;
		};
/* End XCSwiftPackageProductDependency section */
	};
	rootObject = A309AF612B764E9B0032CA04 /* Project object */;
}
